
Microsoft Visual Studio Solution File, Format Version 12.00
# Visual Studio Version 17
VisualStudioVersion = 17.0.31903.59
MinimumVisualStudioVersion = 10.0.40219.1
Project("{2150E333-8FDC-42A3-9474-1A3956D46DE8}") = "src", "src", "{827E0CD3-B72D-47B6-A68D-7590B98EB39B}"
EndProject
Project("{2150E333-8FDC-42A3-9474-1A3956D46DE8}") = "Kernel", "Kernel", "{2E3142C6-3A8D-11B8-5A6A-7C905B1E94C2}"
EndProject
Project("{FAE04EC0-301F-11D3-BF4B-00C04F79EFBC}") = "Quicker.Analyzers", "src\Kernel\Quicker.Analyzers\Quicker.Analyzers.csproj", "{8A75C9CB-BF65-45D1-AD34-73C2BB0DF33A}"
EndProject
Project("{FAE04EC0-301F-11D3-BF4B-00C04F79EFBC}") = "Quicker.Kernel", "src\Kernel\Quicker.Kernel\Quicker.Kernel.csproj", "{76346995-688D-4A1D-B8BA-A8A09A3D0239}"
EndProject
Project("{FAE04EC0-301F-11D3-BF4B-00C04F79EFBC}") = "Quicker.Kernel.Tests", "src\Kernel\Quicker.Kernel.Tests\Quicker.Kernel.Tests.csproj", "{AEA7E520-E26C-4AEA-8D3D-5727B71AC2C4}"
EndProject
Project("{2150E333-8FDC-42A3-9474-1A3956D46DE8}") = "Host", "Host", "{981C2CF6-E5BB-602A-511C-234B538302B0}"
EndProject
Project("{FAE04EC0-301F-11D3-BF4B-00C04F79EFBC}") = "Quicker.Migrator", "src\Host\Quicker.Migrator\Quicker.Migrator.csproj", "{8D9B48FA-45E4-4C2D-875E-79D976EBB246}"
EndProject
Project("{2150E333-8FDC-42A3-9474-1A3956D46DE8}") = "BuildingBlocks", "BuildingBlocks", "{90298CBA-BD6F-3A0A-69D5-97CAD7B05E7E}"
EndProject
Project("{FAE04EC0-301F-11D3-BF4B-00C04F79EFBC}") = "Quicker.Persistence", "src\BuildingBlocks\Quicker.Persistence\Quicker.Persistence.csproj", "{9A44B56F-9FBA-4565-BE54-80D38FB90D0D}"
EndProject
Project("{FAE04EC0-301F-11D3-BF4B-00C04F79EFBC}") = "Quicker.Testing", "src\BuildingBlocks\Quicker.Testing\Quicker.Testing.csproj", "{5F5A51C2-6D39-49A3-8BA0-488B8ECA4BD4}"
EndProject
Project("{FAE04EC0-301F-11D3-BF4B-00C04F79EFBC}") = "Quicker.Persistence.Tests", "src\BuildingBlocks\Quicker.Persistence.Tests\Quicker.Persistence.Tests.csproj", "{98AA9DB4-77A6-4BBE-AC42-2FDB3938D021}"
EndProject
Project("{FAE04EC0-301F-11D3-BF4B-00C04F79EFBC}") = "Quicker.Api", "src\Host\Quicker.Api\Quicker.Api.csproj", "{3D463380-4976-45C4-820F-A68C45A74711}"
EndProject
Global
	GlobalSection(SolutionConfigurationPlatforms) = preSolution
		Debug|Any CPU = Debug|Any CPU
		Debug|x64 = Debug|x64
		Debug|x86 = Debug|x86
		Release|Any CPU = Release|Any CPU
		Release|x64 = Release|x64
		Release|x86 = Release|x86
	EndGlobalSection
	GlobalSection(ProjectConfigurationPlatforms) = postSolution
		{8A75C9CB-BF65-45D1-AD34-73C2BB0DF33A}.Debug|Any CPU.ActiveCfg = Debug|Any CPU
		{8A75C9CB-BF65-45D1-AD34-73C2BB0DF33A}.Debug|Any CPU.Build.0 = Debug|Any CPU
		{8A75C9CB-BF65-45D1-AD34-73C2BB0DF33A}.Debug|x64.ActiveCfg = Debug|Any CPU
		{8A75C9CB-BF65-45D1-AD34-73C2BB0DF33A}.Debug|x64.Build.0 = Debug|Any CPU
		{8A75C9CB-BF65-45D1-AD34-73C2BB0DF33A}.Debug|x86.ActiveCfg = Debug|Any CPU
		{8A75C9CB-BF65-45D1-AD34-73C2BB0DF33A}.Debug|x86.Build.0 = Debug|Any CPU
		{8A75C9CB-BF65-45D1-AD34-73C2BB0DF33A}.Release|Any CPU.ActiveCfg = Release|Any CPU
		{8A75C9CB-BF65-45D1-AD34-73C2BB0DF33A}.Release|Any CPU.Build.0 = Release|Any CPU
		{8A75C9CB-BF65-45D1-AD34-73C2BB0DF33A}.Release|x64.ActiveCfg = Release|Any CPU
		{8A75C9CB-BF65-45D1-AD34-73C2BB0DF33A}.Release|x64.Build.0 = Release|Any CPU
		{8A75C9CB-BF65-45D1-AD34-73C2BB0DF33A}.Release|x86.ActiveCfg = Release|Any CPU
		{8A75C9CB-BF65-45D1-AD34-73C2BB0DF33A}.Release|x86.Build.0 = Release|Any CPU
		{76346995-688D-4A1D-B8BA-A8A09A3D0239}.Debug|Any CPU.ActiveCfg = Debug|Any CPU
		{76346995-688D-4A1D-B8BA-A8A09A3D0239}.Debug|Any CPU.Build.0 = Debug|Any CPU
		{76346995-688D-4A1D-B8BA-A8A09A3D0239}.Debug|x64.ActiveCfg = Debug|Any CPU
		{76346995-688D-4A1D-B8BA-A8A09A3D0239}.Debug|x64.Build.0 = Debug|Any CPU
		{76346995-688D-4A1D-B8BA-A8A09A3D0239}.Debug|x86.ActiveCfg = Debug|Any CPU
		{76346995-688D-4A1D-B8BA-A8A09A3D0239}.Debug|x86.Build.0 = Debug|Any CPU
		{76346995-688D-4A1D-B8BA-A8A09A3D0239}.Release|Any CPU.ActiveCfg = Release|Any CPU
		{76346995-688D-4A1D-B8BA-A8A09A3D0239}.Release|Any CPU.Build.0 = Release|Any CPU
		{76346995-688D-4A1D-B8BA-A8A09A3D0239}.Release|x64.ActiveCfg = Release|Any CPU
		{76346995-688D-4A1D-B8BA-A8A09A3D0239}.Release|x64.Build.0 = Release|Any CPU
		{76346995-688D-4A1D-B8BA-A8A09A3D0239}.Release|x86.ActiveCfg = Release|Any CPU
		{76346995-688D-4A1D-B8BA-A8A09A3D0239}.Release|x86.Build.0 = Release|Any CPU
		{AEA7E520-E26C-4AEA-8D3D-5727B71AC2C4}.Debug|Any CPU.ActiveCfg = Debug|Any CPU
		{AEA7E520-E26C-4AEA-8D3D-5727B71AC2C4}.Debug|Any CPU.Build.0 = Debug|Any CPU
		{AEA7E520-E26C-4AEA-8D3D-5727B71AC2C4}.Debug|x64.ActiveCfg = Debug|Any CPU
		{AEA7E520-E26C-4AEA-8D3D-5727B71AC2C4}.Debug|x64.Build.0 = Debug|Any CPU
		{AEA7E520-E26C-4AEA-8D3D-5727B71AC2C4}.Debug|x86.ActiveCfg = Debug|Any CPU
		{AEA7E520-E26C-4AEA-8D3D-5727B71AC2C4}.Debug|x86.Build.0 = Debug|Any CPU
		{AEA7E520-E26C-4AEA-8D3D-5727B71AC2C4}.Release|Any CPU.ActiveCfg = Release|Any CPU
		{AEA7E520-E26C-4AEA-8D3D-5727B71AC2C4}.Release|Any CPU.Build.0 = Release|Any CPU
		{AEA7E520-E26C-4AEA-8D3D-5727B71AC2C4}.Release|x64.ActiveCfg = Release|Any CPU
		{AEA7E520-E26C-4AEA-8D3D-5727B71AC2C4}.Release|x64.Build.0 = Release|Any CPU
		{AEA7E520-E26C-4AEA-8D3D-5727B71AC2C4}.Release|x86.ActiveCfg = Release|Any CPU
		{AEA7E520-E26C-4AEA-8D3D-5727B71AC2C4}.Release|x86.Build.0 = Release|Any CPU
		{8D9B48FA-45E4-4C2D-875E-79D976EBB246}.Debug|Any CPU.ActiveCfg = Debug|Any CPU
		{8D9B48FA-45E4-4C2D-875E-79D976EBB246}.Debug|Any CPU.Build.0 = Debug|Any CPU
		{8D9B48FA-45E4-4C2D-875E-79D976EBB246}.Debug|x64.ActiveCfg = Debug|Any CPU
		{8D9B48FA-45E4-4C2D-875E-79D976EBB246}.Debug|x64.Build.0 = Debug|Any CPU
		{8D9B48FA-45E4-4C2D-875E-79D976EBB246}.Debug|x86.ActiveCfg = Debug|Any CPU
		{8D9B48FA-45E4-4C2D-875E-79D976EBB246}.Debug|x86.Build.0 = Debug|Any CPU
		{8D9B48FA-45E4-4C2D-875E-79D976EBB246}.Release|Any CPU.ActiveCfg = Release|Any CPU
		{8D9B48FA-45E4-4C2D-875E-79D976EBB246}.Release|Any CPU.Build.0 = Release|Any CPU
		{8D9B48FA-45E4-4C2D-875E-79D976EBB246}.Release|x64.ActiveCfg = Release|Any CPU
		{8D9B48FA-45E4-4C2D-875E-79D976EBB246}.Release|x64.Build.0 = Release|Any CPU
		{8D9B48FA-45E4-4C2D-875E-79D976EBB246}.Release|x86.ActiveCfg = Release|Any CPU
		{8D9B48FA-45E4-4C2D-875E-79D976EBB246}.Release|x86.Build.0 = Release|Any CPU
		{9A44B56F-9FBA-4565-BE54-80D38FB90D0D}.Debug|Any CPU.ActiveCfg = Debug|Any CPU
		{9A44B56F-9FBA-4565-BE54-80D38FB90D0D}.Debug|Any CPU.Build.0 = Debug|Any CPU
		{9A44B56F-9FBA-4565-BE54-80D38FB90D0D}.Debug|x64.ActiveCfg = Debug|Any CPU
		{9A44B56F-9FBA-4565-BE54-80D38FB90D0D}.Debug|x64.Build.0 = Debug|Any CPU
		{9A44B56F-9FBA-4565-BE54-80D38FB90D0D}.Debug|x86.ActiveCfg = Debug|Any CPU
		{9A44B56F-9FBA-4565-BE54-80D38FB90D0D}.Debug|x86.Build.0 = Debug|Any CPU
		{9A44B56F-9FBA-4565-BE54-80D38FB90D0D}.Release|Any CPU.ActiveCfg = Release|Any CPU
		{9A44B56F-9FBA-4565-BE54-80D38FB90D0D}.Release|Any CPU.Build.0 = Release|Any CPU
		{9A44B56F-9FBA-4565-BE54-80D38FB90D0D}.Release|x64.ActiveCfg = Release|Any CPU
		{9A44B56F-9FBA-4565-BE54-80D38FB90D0D}.Release|x64.Build.0 = Release|Any CPU
		{9A44B56F-9FBA-4565-BE54-80D38FB90D0D}.Release|x86.ActiveCfg = Release|Any CPU
		{9A44B56F-9FBA-4565-BE54-80D38FB90D0D}.Release|x86.Build.0 = Release|Any CPU
		{5F5A51C2-6D39-49A3-8BA0-488B8ECA4BD4}.Debug|Any CPU.ActiveCfg = Debug|Any CPU
		{5F5A51C2-6D39-49A3-8BA0-488B8ECA4BD4}.Debug|Any CPU.Build.0 = Debug|Any CPU
		{5F5A51C2-6D39-49A3-8BA0-488B8ECA4BD4}.Debug|x64.ActiveCfg = Debug|Any CPU
		{5F5A51C2-6D39-49A3-8BA0-488B8ECA4BD4}.Debug|x64.Build.0 = Debug|Any CPU
		{5F5A51C2-6D39-49A3-8BA0-488B8ECA4BD4}.Debug|x86.ActiveCfg = Debug|Any CPU
		{5F5A51C2-6D39-49A3-8BA0-488B8ECA4BD4}.Debug|x86.Build.0 = Debug|Any CPU
		{5F5A51C2-6D39-49A3-8BA0-488B8ECA4BD4}.Release|Any CPU.ActiveCfg = Release|Any CPU
		{5F5A51C2-6D39-49A3-8BA0-488B8ECA4BD4}.Release|Any CPU.Build.0 = Release|Any CPU
		{5F5A51C2-6D39-49A3-8BA0-488B8ECA4BD4}.Release|x64.ActiveCfg = Release|Any CPU
		{5F5A51C2-6D39-49A3-8BA0-488B8ECA4BD4}.Release|x64.Build.0 = Release|Any CPU
		{5F5A51C2-6D39-49A3-8BA0-488B8ECA4BD4}.Release|x86.ActiveCfg = Release|Any CPU
		{5F5A51C2-6D39-49A3-8BA0-488B8ECA4BD4}.Release|x86.Build.0 = Release|Any CPU
		{98AA9DB4-77A6-4BBE-AC42-2FDB3938D021}.Debug|Any CPU.ActiveCfg = Debug|Any CPU
		{98AA9DB4-77A6-4BBE-AC42-2FDB3938D021}.Debug|Any CPU.Build.0 = Debug|Any CPU
		{98AA9DB4-77A6-4BBE-AC42-2FDB3938D021}.Debug|x64.ActiveCfg = Debug|Any CPU
		{98AA9DB4-77A6-4BBE-AC42-2FDB3938D021}.Debug|x64.Build.0 = Debug|Any CPU
		{98AA9DB4-77A6-4BBE-AC42-2FDB3938D021}.Debug|x86.ActiveCfg = Debug|Any CPU
		{98AA9DB4-77A6-4BBE-AC42-2FDB3938D021}.Debug|x86.Build.0 = Debug|Any CPU
		{98AA9DB4-77A6-4BBE-AC42-2FDB3938D021}.Release|Any CPU.ActiveCfg = Release|Any CPU
		{98AA9DB4-77A6-4BBE-AC42-2FDB3938D021}.Release|Any CPU.Build.0 = Release|Any CPU
		{98AA9DB4-77A6-4BBE-AC42-2FDB3938D021}.Release|x64.ActiveCfg = Release|Any CPU
		{98AA9DB4-77A6-4BBE-AC42-2FDB3938D021}.Release|x64.Build.0 = Release|Any CPU
		{98AA9DB4-77A6-4BBE-AC42-2FDB3938D021}.Release|x86.ActiveCfg = Release|Any CPU
		{98AA9DB4-77A6-4BBE-AC42-2FDB3938D021}.Release|x86.Build.0 = Release|Any CPU
		{3D463380-4976-45C4-820F-A68C45A74711}.Debug|Any CPU.ActiveCfg = Debug|Any CPU
		{3D463380-4976-45C4-820F-A68C45A74711}.Debug|Any CPU.Build.0 = Debug|Any CPU
		{3D463380-4976-45C4-820F-A68C45A74711}.Debug|x64.ActiveCfg = Debug|Any CPU
		{3D463380-4976-45C4-820F-A68C45A74711}.Debug|x64.Build.0 = Debug|Any CPU
		{3D463380-4976-45C4-820F-A68C45A74711}.Debug|x86.ActiveCfg = Debug|Any CPU
		{3D463380-4976-45C4-820F-A68C45A74711}.Debug|x86.Build.0 = Debug|Any CPU
		{3D463380-4976-45C4-820F-A68C45A74711}.Release|Any CPU.ActiveCfg = Release|Any CPU
		{3D463380-4976-45C4-820F-A68C45A74711}.Release|Any CPU.Build.0 = Release|Any CPU
		{3D463380-4976-45C4-820F-A68C45A74711}.Release|x64.ActiveCfg = Release|Any CPU
		{3D463380-4976-45C4-820F-A68C45A74711}.Release|x64.Build.0 = Release|Any CPU
		{3D463380-4976-45C4-820F-A68C45A74711}.Release|x86.ActiveCfg = Release|Any CPU
		{3D463380-4976-45C4-820F-A68C45A74711}.Release|x86.Build.0 = Release|Any CPU
	EndGlobalSection
	GlobalSection(SolutionProperties) = preSolution
		HideSolutionNode = FALSE
	EndGlobalSection
	GlobalSection(NestedProjects) = preSolution
		{2E3142C6-3A8D-11B8-5A6A-7C905B1E94C2} = {827E0CD3-B72D-47B6-A68D-7590B98EB39B}
		{8A75C9CB-BF65-45D1-AD34-73C2BB0DF33A} = {2E3142C6-3A8D-11B8-5A6A-7C905B1E94C2}
		{76346995-688D-4A1D-B8BA-A8A09A3D0239} = {2E3142C6-3A8D-11B8-5A6A-7C905B1E94C2}
		{AEA7E520-E26C-4AEA-8D3D-5727B71AC2C4} = {2E3142C6-3A8D-11B8-5A6A-7C905B1E94C2}
		{981C2CF6-E5BB-602A-511C-234B538302B0} = {827E0CD3-B72D-47B6-A68D-7590B98EB39B}
		{8D9B48FA-45E4-4C2D-875E-79D976EBB246} = {981C2CF6-E5BB-602A-511C-234B538302B0}
		{90298CBA-BD6F-3A0A-69D5-97CAD7B05E7E} = {827E0CD3-B72D-47B6-A68D-7590B98EB39B}
		{9A44B56F-9FBA-4565-BE54-80D38FB90D0D} = {90298CBA-BD6F-3A0A-69D5-97CAD7B05E7E}
		{5F5A51C2-6D39-49A3-8BA0-488B8ECA4BD4} = {90298CBA-BD6F-3A0A-69D5-97CAD7B05E7E}
		{98AA9DB4-77A6-4BBE-AC42-2FDB3938D021} = {90298CBA-BD6F-3A0A-69D5-97CAD7B05E7E}
		{3D463380-4976-45C4-820F-A68C45A74711} = {981C2CF6-E5BB-602A-511C-234B538302B0}
	EndGlobalSection
EndGlobal
